
Microsoft Visual Studio Solution File, Format Version 12.00
# Visual Studio Version 17
VisualStudioVersion = 17.14.35806.103 d17.14
MinimumVisualStudioVersion = 10.0.40219.1
Project("{FAE04EC0-301F-11D3-BF4B-00C04F79EFBC}") = "Wishlist.API", "Wishlist.API\Wishlist.API.csproj", "{46E98E2B-29DB-48EA-9459-CE0B6E246F47}"
EndProject
Project("{FAE04EC0-301F-11D3-BF4B-00C04F79EFBC}") = "Wishlist.Application", "Wishlist.Application\Wishlist.Application.csproj", "{B6742ABB-F644-47A6-AB61-8180CCC87500}"
EndProject
Project("{FAE04EC0-301F-11D3-BF4B-00C04F79EFBC}") = "Wishlist.Core", "Wishlist.Core\Wishlist.Core.csproj", "{22FAFE9B-3B9A-44A6-962E-4D0A9FD623D4}"
EndProject
Global
	GlobalSection(SolutionConfigurationPlatforms) = preSolution
		Debug|Any CPU = Debug|Any CPU
		Release|Any CPU = Release|Any CPU
	EndGlobalSection
	GlobalSection(ProjectConfigurationPlatforms) = postSolution
		{46E98E2B-29DB-48EA-9459-CE0B6E246F47}.Debug|Any CPU.ActiveCfg = Debug|Any CPU
		{46E98E2B-29DB-48EA-9459-CE0B6E246F47}.Debug|Any CPU.Build.0 = Debug|Any CPU
		{46E98E2B-29DB-48EA-9459-CE0B6E246F47}.Release|Any CPU.ActiveCfg = Release|Any CPU
		{46E98E2B-29DB-48EA-9459-CE0B6E246F47}.Release|Any CPU.Build.0 = Release|Any CPU
		{B6742ABB-F644-47A6-AB61-8180CCC87500}.Debug|Any CPU.ActiveCfg = Debug|Any CPU
		{B6742ABB-F644-47A6-AB61-8180CCC87500}.Debug|Any CPU.Build.0 = Debug|Any CPU
		{B6742ABB-F644-47A6-AB61-8180CCC87500}.Release|Any CPU.ActiveCfg = Release|Any CPU
		{B6742ABB-F644-47A6-AB61-8180CCC87500}.Release|Any CPU.Build.0 = Release|Any CPU
		{22FAFE9B-3B9A-44A6-962E-4D0A9FD623D4}.Debug|Any CPU.ActiveCfg = Debug|Any CPU
		{22FAFE9B-3B9A-44A6-962E-4D0A9FD623D4}.Debug|Any CPU.Build.0 = Debug|Any CPU
		{22FAFE9B-3B9A-44A6-962E-4D0A9FD623D4}.Release|Any CPU.ActiveCfg = Release|Any CPU
		{22FAFE9B-3B9A-44A6-962E-4D0A9FD623D4}.Release|Any CPU.Build.0 = Release|Any CPU
	EndGlobalSection
	GlobalSection(SolutionProperties) = preSolution
		HideSolutionNode = FALSE
	EndGlobalSection
	GlobalSection(ExtensibilityGlobals) = postSolution
		SolutionGuid = {2DB0BA0C-435C-440E-BAA6-0B9554DA9BFC}
	EndGlobalSection
EndGlobal
